
Microsoft Visual Studio Solution File, Format Version 12.00
# Visual Studio Version 17
VisualStudioVersion = 17.9.34723.18
MinimumVisualStudioVersion = 10.0.40219.1
Project("{FAE04EC0-301F-11D3-BF4B-00C04F79EFBC}") = "PZ_21(Calculator)", "PZ_21(Calculator)\PZ_21(Calculator).csproj", "{A2A7906D-DD85-47B0-9489-1792CA3F9FBF}"
EndProject
Global
	GlobalSection(SolutionConfigurationPlatforms) = preSolution
		Debug|Any CPU = Debug|Any CPU
		Release|Any CPU = Release|Any CPU
	EndGlobalSection
	GlobalSection(ProjectConfigurationPlatforms) = postSolution
		{A2A7906D-DD85-47B0-9489-1792CA3F9FBF}.Debug|Any CPU.ActiveCfg = Debug|Any CPU
		{A2A7906D-DD85-47B0-9489-1792CA3F9FBF}.Debug|Any CPU.Build.0 = Debug|Any CPU
		{A2A7906D-DD85-47B0-9489-1792CA3F9FBF}.Release|Any CPU.ActiveCfg = Release|Any CPU
		{A2A7906D-DD85-47B0-9489-1792CA3F9FBF}.Release|Any CPU.Build.0 = Release|Any CPU
	EndGlobalSection
	GlobalSection(SolutionProperties) = preSolution
		HideSolutionNode = FALSE
	EndGlobalSection
	GlobalSection(ExtensibilityGlobals) = postSolution
		SolutionGuid = {AA204FBB-4D64-4D5E-9633-01C189D30586}
	EndGlobalSection
EndGlobal
